
Microsoft Visual Studio Solution File, Format Version 12.00
# Visual Studio Version 17
VisualStudioVersion = 17.0.31903.59
MinimumVisualStudioVersion = 10.0.40219.1
Project("{2150E333-8FDC-42A3-9474-1A3956D46DE8}") = "src", "src", "{827E0CD3-B72D-47B6-A68D-7590B98EB39B}"
EndProject
Project("{FAE04EC0-301F-11D3-BF4B-00C04F79EFBC}") = "RAWSelectionAssistant.Core", "src\RAWSelectionAssistant.Core\RAWSelectionAssistant.Core.csproj", "{8859B9A9-B24F-47DF-9417-191E36A51EDB}"
EndProject
Project("{FAE04EC0-301F-11D3-BF4B-00C04F79EFBC}") = "RAWSelectionAssistant", "src\RAWSelectionAssistant\RAWSelectionAssistant.csproj", "{29FAC726-8495-4F65-8F89-223C266BEF24}"
EndProject
Project("{2150E333-8FDC-42A3-9474-1A3956D46DE8}") = "tests", "tests", "{0AB3BF05-4346-4AA6-1389-037BE0695223}"
EndProject
Project("{FAE04EC0-301F-11D3-BF4B-00C04F79EFBC}") = "RAWSelectionAssistant.Tests", "tests\RAWSelectionAssistant.Tests\RAWSelectionAssistant.Tests.csproj", "{F70225BB-36ED-4D57-9A89-BF4F8858D2D8}"
EndProject
Project("{FAE04EC0-301F-11D3-BF4B-00C04F79EFBC}") = "RAWSelectionAssistant.WpfTests", "tests\RAWSelectionAssistant.WpfTests\RAWSelectionAssistant.WpfTests.csproj", "{3A2C5610-3F22-4D48-A7A7-204D04A68711}"
EndProject
Project("{FAE04EC0-301F-11D3-BF4B-00C04F79EFBC}") = "RAWSelectionAssistant.DpiTests", "tests\RAWSelectionAssistant.DpiTests\RAWSelectionAssistant.DpiTests.csproj", "{20DF2214-D277-4FFE-AD70-2CF0DFA19457}"
EndProject
Project("{FAE04EC0-301F-11D3-BF4B-00C04F79EFBC}") = "PixelTart.SelectionApi.Contracts", "src\PixelTart.SelectionApi.Contracts\PixelTart.SelectionApi.Contracts.csproj", "{74567D15-DD33-445F-B7AE-72EA79441F0B}"
EndProject
Project("{FAE04EC0-301F-11D3-BF4B-00C04F79EFBC}") = "PixelTart.SelectionApi.Skeleton", "src\PixelTart.SelectionApi.Skeleton\PixelTart.SelectionApi.Skeleton.csproj", "{088880A0-E544-4DDF-9637-042894601C9F}"
EndProject
Project("{FAE04EC0-301F-11D3-BF4B-00C04F79EFBC}") = "PixelTart.Kernel", "src\PixelTart.Kernel\PixelTart.Kernel.csproj", "{B3C7027E-1339-425D-9617-3619CF4876EA}"
EndProject
Project("{FAE04EC0-301F-11D3-BF4B-00C04F79EFBC}") = "PixelTart.Modules.AssetLibrary", "src\PixelTart.Modules.AssetLibrary\PixelTart.Modules.AssetLibrary.csproj", "{2BD7FAF9-8442-484D-A931-D6CBFDA00A4A}"
EndProject
Project("{FAE04EC0-301F-11D3-BF4B-00C04F79EFBC}") = "PixelTart.Modules.RawTool", "src\PixelTart.Modules.RawTool\PixelTart.Modules.RawTool.csproj", "{FD96F614-8CB7-46A0-BACE-A20AA5E8E62C}"
EndProject
Project("{FAE04EC0-301F-11D3-BF4B-00C04F79EFBC}") = "PixelTart.Modules.OnlineSelection", "src\PixelTart.Modules.OnlineSelection\PixelTart.Modules.OnlineSelection.csproj", "{FA86EFC1-5337-4918-B8DD-1322ED8C19EA}"
EndProject
Project("{FAE04EC0-301F-11D3-BF4B-00C04F79EFBC}") = "PixelTart.ModularHarness.Tests", "tests\PixelTart.ModularHarness.Tests\PixelTart.ModularHarness.Tests.csproj", "{49E5D4CB-721B-4489-96F1-35102573CD52}"
EndProject
Global
	GlobalSection(SolutionConfigurationPlatforms) = preSolution
		Debug|Any CPU = Debug|Any CPU
		Debug|x64 = Debug|x64
		Debug|x86 = Debug|x86
		Release|Any CPU = Release|Any CPU
		Release|x64 = Release|x64
		Release|x86 = Release|x86
	EndGlobalSection
	GlobalSection(ProjectConfigurationPlatforms) = postSolution
		{8859B9A9-B24F-47DF-9417-191E36A51EDB}.Debug|Any CPU.ActiveCfg = Debug|Any CPU
		{8859B9A9-B24F-47DF-9417-191E36A51EDB}.Debug|Any CPU.Build.0 = Debug|Any CPU
		{8859B9A9-B24F-47DF-9417-191E36A51EDB}.Debug|x64.ActiveCfg = Debug|Any CPU
		{8859B9A9-B24F-47DF-9417-191E36A51EDB}.Debug|x64.Build.0 = Debug|Any CPU
		{8859B9A9-B24F-47DF-9417-191E36A51EDB}.Debug|x86.ActiveCfg = Debug|Any CPU
		{8859B9A9-B24F-47DF-9417-191E36A51EDB}.Debug|x86.Build.0 = Debug|Any CPU
		{8859B9A9-B24F-47DF-9417-191E36A51EDB}.Release|Any CPU.ActiveCfg = Release|Any CPU
		{8859B9A9-B24F-47DF-9417-191E36A51EDB}.Release|Any CPU.Build.0 = Release|Any CPU
		{8859B9A9-B24F-47DF-9417-191E36A51EDB}.Release|x64.ActiveCfg = Release|Any CPU
		{8859B9A9-B24F-47DF-9417-191E36A51EDB}.Release|x64.Build.0 = Release|Any CPU
		{8859B9A9-B24F-47DF-9417-191E36A51EDB}.Release|x86.ActiveCfg = Release|Any CPU
		{8859B9A9-B24F-47DF-9417-191E36A51EDB}.Release|x86.Build.0 = Release|Any CPU
		{29FAC726-8495-4F65-8F89-223C266BEF24}.Debug|Any CPU.ActiveCfg = Debug|Any CPU
		{29FAC726-8495-4F65-8F89-223C266BEF24}.Debug|Any CPU.Build.0 = Debug|Any CPU
		{29FAC726-8495-4F65-8F89-223C266BEF24}.Debug|x64.ActiveCfg = Debug|Any CPU
		{29FAC726-8495-4F65-8F89-223C266BEF24}.Debug|x64.Build.0 = Debug|Any CPU
		{29FAC726-8495-4F65-8F89-223C266BEF24}.Debug|x86.ActiveCfg = Debug|Any CPU
		{29FAC726-8495-4F65-8F89-223C266BEF24}.Debug|x86.Build.0 = Debug|Any CPU
		{29FAC726-8495-4F65-8F89-223C266BEF24}.Release|Any CPU.ActiveCfg = Release|Any CPU
		{29FAC726-8495-4F65-8F89-223C266BEF24}.Release|Any CPU.Build.0 = Release|Any CPU
		{29FAC726-8495-4F65-8F89-223C266BEF24}.Release|x64.ActiveCfg = Release|Any CPU
		{29FAC726-8495-4F65-8F89-223C266BEF24}.Release|x64.Build.0 = Release|Any CPU
		{29FAC726-8495-4F65-8F89-223C266BEF24}.Release|x86.ActiveCfg = Release|Any CPU
		{29FAC726-8495-4F65-8F89-223C266BEF24}.Release|x86.Build.0 = Release|Any CPU
		{F70225BB-36ED-4D57-9A89-BF4F8858D2D8}.Debug|Any CPU.ActiveCfg = Debug|Any CPU
		{F70225BB-36ED-4D57-9A89-BF4F8858D2D8}.Debug|Any CPU.Build.0 = Debug|Any CPU
		{F70225BB-36ED-4D57-9A89-BF4F8858D2D8}.Debug|x64.ActiveCfg = Debug|Any CPU
		{F70225BB-36ED-4D57-9A89-BF4F8858D2D8}.Debug|x64.Build.0 = Debug|Any CPU
		{F70225BB-36ED-4D57-9A89-BF4F8858D2D8}.Debug|x86.ActiveCfg = Debug|Any CPU
		{F70225BB-36ED-4D57-9A89-BF4F8858D2D8}.Debug|x86.Build.0 = Debug|Any CPU
		{F70225BB-36ED-4D57-9A89-BF4F8858D2D8}.Release|Any CPU.ActiveCfg = Release|Any CPU
		{F70225BB-36ED-4D57-9A89-BF4F8858D2D8}.Release|Any CPU.Build.0 = Release|Any CPU
		{F70225BB-36ED-4D57-9A89-BF4F8858D2D8}.Release|x64.ActiveCfg = Release|Any CPU
		{F70225BB-36ED-4D57-9A89-BF4F8858D2D8}.Release|x64.Build.0 = Release|Any CPU
		{F70225BB-36ED-4D57-9A89-BF4F8858D2D8}.Release|x86.ActiveCfg = Release|Any CPU
		{F70225BB-36ED-4D57-9A89-BF4F8858D2D8}.Release|x86.Build.0 = Release|Any CPU
		{3A2C5610-3F22-4D48-A7A7-204D04A68711}.Debug|Any CPU.ActiveCfg = Debug|x64
		{3A2C5610-3F22-4D48-A7A7-204D04A68711}.Debug|Any CPU.Build.0 = Debug|x64
		{3A2C5610-3F22-4D48-A7A7-204D04A68711}.Debug|x64.ActiveCfg = Debug|x64
		{3A2C5610-3F22-4D48-A7A7-204D04A68711}.Debug|x64.Build.0 = Debug|x64
		{3A2C5610-3F22-4D48-A7A7-204D04A68711}.Debug|x86.ActiveCfg = Debug|x64
		{3A2C5610-3F22-4D48-A7A7-204D04A68711}.Release|Any CPU.ActiveCfg = Release|x64
		{3A2C5610-3F22-4D48-A7A7-204D04A68711}.Release|Any CPU.Build.0 = Release|x64
		{3A2C5610-3F22-4D48-A7A7-204D04A68711}.Release|x64.ActiveCfg = Release|x64
		{3A2C5610-3F22-4D48-A7A7-204D04A68711}.Release|x64.Build.0 = Release|x64
		{3A2C5610-3F22-4D48-A7A7-204D04A68711}.Release|x86.ActiveCfg = Release|x64
		{20DF2214-D277-4FFE-AD70-2CF0DFA19457}.Debug|Any CPU.ActiveCfg = Debug|Any CPU
		{20DF2214-D277-4FFE-AD70-2CF0DFA19457}.Debug|Any CPU.Build.0 = Debug|Any CPU
		{20DF2214-D277-4FFE-AD70-2CF0DFA19457}.Debug|x64.ActiveCfg = Debug|Any CPU
		{20DF2214-D277-4FFE-AD70-2CF0DFA19457}.Debug|x64.Build.0 = Debug|Any CPU
		{20DF2214-D277-4FFE-AD70-2CF0DFA19457}.Debug|x86.ActiveCfg = Debug|Any CPU
		{20DF2214-D277-4FFE-AD70-2CF0DFA19457}.Debug|x86.Build.0 = Debug|Any CPU
		{20DF2214-D277-4FFE-AD70-2CF0DFA19457}.Release|Any CPU.ActiveCfg = Release|Any CPU
		{20DF2214-D277-4FFE-AD70-2CF0DFA19457}.Release|Any CPU.Build.0 = Release|Any CPU
		{20DF2214-D277-4FFE-AD70-2CF0DFA19457}.Release|x64.ActiveCfg = Release|Any CPU
		{20DF2214-D277-4FFE-AD70-2CF0DFA19457}.Release|x64.Build.0 = Release|Any CPU
		{20DF2214-D277-4FFE-AD70-2CF0DFA19457}.Release|x86.ActiveCfg = Release|Any CPU
		{20DF2214-D277-4FFE-AD70-2CF0DFA19457}.Release|x86.Build.0 = Release|Any CPU
		{74567D15-DD33-445F-B7AE-72EA79441F0B}.Debug|Any CPU.ActiveCfg = Debug|Any CPU
		{74567D15-DD33-445F-B7AE-72EA79441F0B}.Debug|Any CPU.Build.0 = Debug|Any CPU
		{74567D15-DD33-445F-B7AE-72EA79441F0B}.Debug|x64.ActiveCfg = Debug|Any CPU
		{74567D15-DD33-445F-B7AE-72EA79441F0B}.Debug|x64.Build.0 = Debug|Any CPU
		{74567D15-DD33-445F-B7AE-72EA79441F0B}.Debug|x86.ActiveCfg = Debug|Any CPU
		{74567D15-DD33-445F-B7AE-72EA79441F0B}.Debug|x86.Build.0 = Debug|Any CPU
		{74567D15-DD33-445F-B7AE-72EA79441F0B}.Release|Any CPU.ActiveCfg = Release|Any CPU
		{74567D15-DD33-445F-B7AE-72EA79441F0B}.Release|Any CPU.Build.0 = Release|Any CPU
		{74567D15-DD33-445F-B7AE-72EA79441F0B}.Release|x64.ActiveCfg = Release|Any CPU
		{74567D15-DD33-445F-B7AE-72EA79441F0B}.Release|x64.Build.0 = Release|Any CPU
		{74567D15-DD33-445F-B7AE-72EA79441F0B}.Release|x86.ActiveCfg = Release|Any CPU
		{74567D15-DD33-445F-B7AE-72EA79441F0B}.Release|x86.Build.0 = Release|Any CPU
		{088880A0-E544-4DDF-9637-042894601C9F}.Debug|Any CPU.ActiveCfg = Debug|Any CPU
		{088880A0-E544-4DDF-9637-042894601C9F}.Debug|Any CPU.Build.0 = Debug|Any CPU
		{088880A0-E544-4DDF-9637-042894601C9F}.Debug|x64.ActiveCfg = Debug|Any CPU
		{088880A0-E544-4DDF-9637-042894601C9F}.Debug|x64.Build.0 = Debug|Any CPU
		{088880A0-E544-4DDF-9637-042894601C9F}.Debug|x86.ActiveCfg = Debug|Any CPU
		{088880A0-E544-4DDF-9637-042894601C9F}.Debug|x86.Build.0 = Debug|Any CPU
		{088880A0-E544-4DDF-9637-042894601C9F}.Release|Any CPU.ActiveCfg = Release|Any CPU
		{088880A0-E544-4DDF-9637-042894601C9F}.Release|Any CPU.Build.0 = Release|Any CPU
		{088880A0-E544-4DDF-9637-042894601C9F}.Release|x64.ActiveCfg = Release|Any CPU
		{088880A0-E544-4DDF-9637-042894601C9F}.Release|x64.Build.0 = Release|Any CPU
		{088880A0-E544-4DDF-9637-042894601C9F}.Release|x86.ActiveCfg = Release|Any CPU
		{088880A0-E544-4DDF-9637-042894601C9F}.Release|x86.Build.0 = Release|Any CPU
		{B3C7027E-1339-425D-9617-3619CF4876EA}.Debug|Any CPU.ActiveCfg = Debug|Any CPU
		{B3C7027E-1339-425D-9617-3619CF4876EA}.Debug|Any CPU.Build.0 = Debug|Any CPU
		{B3C7027E-1339-425D-9617-3619CF4876EA}.Debug|x64.ActiveCfg = Debug|Any CPU
		{B3C7027E-1339-425D-9617-3619CF4876EA}.Debug|x64.Build.0 = Debug|Any CPU
		{B3C7027E-1339-425D-9617-3619CF4876EA}.Debug|x86.ActiveCfg = Debug|Any CPU
		{B3C7027E-1339-425D-9617-3619CF4876EA}.Debug|x86.Build.0 = Debug|Any CPU
		{B3C7027E-1339-425D-9617-3619CF4876EA}.Release|Any CPU.ActiveCfg = Release|Any CPU
		{B3C7027E-1339-425D-9617-3619CF4876EA}.Release|Any CPU.Build.0 = Release|Any CPU
		{B3C7027E-1339-425D-9617-3619CF4876EA}.Release|x64.ActiveCfg = Release|Any CPU
		{B3C7027E-1339-425D-9617-3619CF4876EA}.Release|x64.Build.0 = Release|Any CPU
		{B3C7027E-1339-425D-9617-3619CF4876EA}.Release|x86.ActiveCfg = Release|Any CPU
		{B3C7027E-1339-425D-9617-3619CF4876EA}.Release|x86.Build.0 = Release|Any CPU
		{2BD7FAF9-8442-484D-A931-D6CBFDA00A4A}.Debug|Any CPU.ActiveCfg = Debug|Any CPU
		{2BD7FAF9-8442-484D-A931-D6CBFDA00A4A}.Debug|Any CPU.Build.0 = Debug|Any CPU
		{2BD7FAF9-8442-484D-A931-D6CBFDA00A4A}.Debug|x64.ActiveCfg = Debug|Any CPU
		{2BD7FAF9-8442-484D-A931-D6CBFDA00A4A}.Debug|x64.Build.0 = Debug|Any CPU
		{2BD7FAF9-8442-484D-A931-D6CBFDA00A4A}.Debug|x86.ActiveCfg = Debug|Any CPU
		{2BD7FAF9-8442-484D-A931-D6CBFDA00A4A}.Debug|x86.Build.0 = Debug|Any CPU
		{2BD7FAF9-8442-484D-A931-D6CBFDA00A4A}.Release|Any CPU.ActiveCfg = Release|Any CPU
		{2BD7FAF9-8442-484D-A931-D6CBFDA00A4A}.Release|Any CPU.Build.0 = Release|Any CPU
		{2BD7FAF9-8442-484D-A931-D6CBFDA00A4A}.Release|x64.ActiveCfg = Release|Any CPU
		{2BD7FAF9-8442-484D-A931-D6CBFDA00A4A}.Release|x64.Build.0 = Release|Any CPU
		{2BD7FAF9-8442-484D-A931-D6CBFDA00A4A}.Release|x86.ActiveCfg = Release|Any CPU
		{2BD7FAF9-8442-484D-A931-D6CBFDA00A4A}.Release|x86.Build.0 = Release|Any CPU
		{FD96F614-8CB7-46A0-BACE-A20AA5E8E62C}.Debug|Any CPU.ActiveCfg = Debug|Any CPU
		{FD96F614-8CB7-46A0-BACE-A20AA5E8E62C}.Debug|Any CPU.Build.0 = Debug|Any CPU
		{FD96F614-8CB7-46A0-BACE-A20AA5E8E62C}.Debug|x64.ActiveCfg = Debug|Any CPU
		{FD96F614-8CB7-46A0-BACE-A20AA5E8E62C}.Debug|x64.Build.0 = Debug|Any CPU
		{FD96F614-8CB7-46A0-BACE-A20AA5E8E62C}.Debug|x86.ActiveCfg = Debug|Any CPU
		{FD96F614-8CB7-46A0-BACE-A20AA5E8E62C}.Debug|x86.Build.0 = Debug|Any CPU
		{FD96F614-8CB7-46A0-BACE-A20AA5E8E62C}.Release|Any CPU.ActiveCfg = Release|Any CPU
		{FD96F614-8CB7-46A0-BACE-A20AA5E8E62C}.Release|Any CPU.Build.0 = Release|Any CPU
		{FD96F614-8CB7-46A0-BACE-A20AA5E8E62C}.Release|x64.ActiveCfg = Release|Any CPU
		{FD96F614-8CB7-46A0-BACE-A20AA5E8E62C}.Release|x64.Build.0 = Release|Any CPU
		{FD96F614-8CB7-46A0-BACE-A20AA5E8E62C}.Release|x86.ActiveCfg = Release|Any CPU
		{FD96F614-8CB7-46A0-BACE-A20AA5E8E62C}.Release|x86.Build.0 = Release|Any CPU
		{FA86EFC1-5337-4918-B8DD-1322ED8C19EA}.Debug|Any CPU.ActiveCfg = Debug|Any CPU
		{FA86EFC1-5337-4918-B8DD-1322ED8C19EA}.Debug|Any CPU.Build.0 = Debug|Any CPU
		{FA86EFC1-5337-4918-B8DD-1322ED8C19EA}.Debug|x64.ActiveCfg = Debug|Any CPU
		{FA86EFC1-5337-4918-B8DD-1322ED8C19EA}.Debug|x64.Build.0 = Debug|Any CPU
		{FA86EFC1-5337-4918-B8DD-1322ED8C19EA}.Debug|x86.ActiveCfg = Debug|Any CPU
		{FA86EFC1-5337-4918-B8DD-1322ED8C19EA}.Debug|x86.Build.0 = Debug|Any CPU
		{FA86EFC1-5337-4918-B8DD-1322ED8C19EA}.Release|Any CPU.ActiveCfg = Release|Any CPU
		{FA86EFC1-5337-4918-B8DD-1322ED8C19EA}.Release|Any CPU.Build.0 = Release|Any CPU
		{FA86EFC1-5337-4918-B8DD-1322ED8C19EA}.Release|x64.ActiveCfg = Release|Any CPU
		{FA86EFC1-5337-4918-B8DD-1322ED8C19EA}.Release|x64.Build.0 = Release|Any CPU
		{FA86EFC1-5337-4918-B8DD-1322ED8C19EA}.Release|x86.ActiveCfg = Release|Any CPU
		{FA86EFC1-5337-4918-B8DD-1322ED8C19EA}.Release|x86.Build.0 = Release|Any CPU
		{49E5D4CB-721B-4489-96F1-35102573CD52}.Debug|Any CPU.ActiveCfg = Debug|Any CPU
		{49E5D4CB-721B-4489-96F1-35102573CD52}.Debug|Any CPU.Build.0 = Debug|Any CPU
		{49E5D4CB-721B-4489-96F1-35102573CD52}.Debug|x64.ActiveCfg = Debug|Any CPU
		{49E5D4CB-721B-4489-96F1-35102573CD52}.Debug|x64.Build.0 = Debug|Any CPU
		{49E5D4CB-721B-4489-96F1-35102573CD52}.Debug|x86.ActiveCfg = Debug|Any CPU
		{49E5D4CB-721B-4489-96F1-35102573CD52}.Debug|x86.Build.0 = Debug|Any CPU
		{49E5D4CB-721B-4489-96F1-35102573CD52}.Release|Any CPU.ActiveCfg = Release|Any CPU
		{49E5D4CB-721B-4489-96F1-35102573CD52}.Release|Any CPU.Build.0 = Release|Any CPU
		{49E5D4CB-721B-4489-96F1-35102573CD52}.Release|x64.ActiveCfg = Release|Any CPU
		{49E5D4CB-721B-4489-96F1-35102573CD52}.Release|x64.Build.0 = Release|Any CPU
		{49E5D4CB-721B-4489-96F1-35102573CD52}.Release|x86.ActiveCfg = Release|Any CPU
		{49E5D4CB-721B-4489-96F1-35102573CD52}.Release|x86.Build.0 = Release|Any CPU
	EndGlobalSection
	GlobalSection(SolutionProperties) = preSolution
		HideSolutionNode = FALSE
	EndGlobalSection
	GlobalSection(NestedProjects) = preSolution
		{8859B9A9-B24F-47DF-9417-191E36A51EDB} = {827E0CD3-B72D-47B6-A68D-7590B98EB39B}
		{29FAC726-8495-4F65-8F89-223C266BEF24} = {827E0CD3-B72D-47B6-A68D-7590B98EB39B}
		{F70225BB-36ED-4D57-9A89-BF4F8858D2D8} = {0AB3BF05-4346-4AA6-1389-037BE0695223}
		{3A2C5610-3F22-4D48-A7A7-204D04A68711} = {0AB3BF05-4346-4AA6-1389-037BE0695223}
		{20DF2214-D277-4FFE-AD70-2CF0DFA19457} = {0AB3BF05-4346-4AA6-1389-037BE0695223}
		{74567D15-DD33-445F-B7AE-72EA79441F0B} = {827E0CD3-B72D-47B6-A68D-7590B98EB39B}
		{088880A0-E544-4DDF-9637-042894601C9F} = {827E0CD3-B72D-47B6-A68D-7590B98EB39B}
		{B3C7027E-1339-425D-9617-3619CF4876EA} = {827E0CD3-B72D-47B6-A68D-7590B98EB39B}
		{2BD7FAF9-8442-484D-A931-D6CBFDA00A4A} = {827E0CD3-B72D-47B6-A68D-7590B98EB39B}
		{FD96F614-8CB7-46A0-BACE-A20AA5E8E62C} = {827E0CD3-B72D-47B6-A68D-7590B98EB39B}
		{FA86EFC1-5337-4918-B8DD-1322ED8C19EA} = {827E0CD3-B72D-47B6-A68D-7590B98EB39B}
		{49E5D4CB-721B-4489-96F1-35102573CD52} = {0AB3BF05-4346-4AA6-1389-037BE0695223}
	EndGlobalSection
EndGlobal
